// !$*UTF8*$!
{
	archiveVersion = 1;
	classes = {
	};
	objectVersion = 50;
	objects = {

/* Begin PBXBuildFile section */
		D80B80ED248EBDD000E33994 /* PuzzleProviderTests.swift in Sources */ = {isa = PBXBuildFile; fileRef = D80B80EC248EBDD000E33994 /* PuzzleProviderTests.swift */; };
		D80B80EF248EC69700E33994 /* SudokuManagerTests.swift in Sources */ = {isa = PBXBuildFile; fileRef = D80B80EE248EC69700E33994 /* SudokuManagerTests.swift */; };
		D81D75C12469A09B0089BE70 /* SubGridCell.swift in Sources */ = {isa = PBXBuildFile; fileRef = D81D75BF2469A09B0089BE70 /* SubGridCell.swift */; };
		D81D75C22469A09B0089BE70 /* SubGridCell.xib in Resources */ = {isa = PBXBuildFile; fileRef = D81D75C02469A09B0089BE70 /* SubGridCell.xib */; };
		D81D75C8246AF4CA0089BE70 /* BorderAndPartitionLinesUI.swift in Sources */ = {isa = PBXBuildFile; fileRef = D81D75C7246AF4CA0089BE70 /* BorderAndPartitionLinesUI.swift */; };
		D854D966246E4E07004E839E /* SudokuManager.swift in Sources */ = {isa = PBXBuildFile; fileRef = D854D965246E4E07004E839E /* SudokuManager.swift */; };
		D854D968246ED6DE004E839E /* Dimensions.swift in Sources */ = {isa = PBXBuildFile; fileRef = D854D967246ED6DE004E839E /* Dimensions.swift */; };
		D85B0DA0247A23AD00DBA200 /* BenchTimer.swift in Sources */ = {isa = PBXBuildFile; fileRef = D85B0D9F247A23AD00DBA200 /* BenchTimer.swift */; };
		D85B0DA3247A321E00DBA200 /* PuzzleProvider.swift in Sources */ = {isa = PBXBuildFile; fileRef = D85B0DA2247A321E00DBA200 /* PuzzleProvider.swift */; };
		D85B0DA5247A3C4500DBA200 /* PuzzleModel.swift in Sources */ = {isa = PBXBuildFile; fileRef = D85B0DA4247A3C4500DBA200 /* PuzzleModel.swift */; };
		D89266BF249081DC005C54A1 /* Puzzle.swift in Sources */ = {isa = PBXBuildFile; fileRef = D89266BE249081DC005C54A1 /* Puzzle.swift */; };
		D89266C12490895E005C54A1 /* PuzzleTest.swift in Sources */ = {isa = PBXBuildFile; fileRef = D89266C02490895E005C54A1 /* PuzzleTest.swift */; };
		D8A37CA2246C3ECC0088303E /* Grid.swift in Sources */ = {isa = PBXBuildFile; fileRef = D8A37CA1246C3ECC0088303E /* Grid.swift */; };
		D8CA2162247A4590002B8A39 /* GameSetupController.swift in Sources */ = {isa = PBXBuildFile; fileRef = D8CA2161247A4590002B8A39 /* GameSetupController.swift */; };
		D8F263A42467604C00368A78 /* AppDelegate.swift in Sources */ = {isa = PBXBuildFile; fileRef = D8F263A32467604C00368A78 /* AppDelegate.swift */; };
		D8F263A62467604C00368A78 /* SceneDelegate.swift in Sources */ = {isa = PBXBuildFile; fileRef = D8F263A52467604C00368A78 /* SceneDelegate.swift */; };
		D8F263AB2467604C00368A78 /* Main.storyboard in Resources */ = {isa = PBXBuildFile; fileRef = D8F263A92467604C00368A78 /* Main.storyboard */; };
		D8F263AD2467605100368A78 /* Assets.xcassets in Resources */ = {isa = PBXBuildFile; fileRef = D8F263AC2467605100368A78 /* Assets.xcassets */; };
		D8F263B02467605100368A78 /* LaunchScreen.storyboard in Resources */ = {isa = PBXBuildFile; fileRef = D8F263AE2467605100368A78 /* LaunchScreen.storyboard */; };
		D8F263C924677CC900368A78 /* HomeViewController.swift in Sources */ = {isa = PBXBuildFile; fileRef = D8F263C824677CC800368A78 /* HomeViewController.swift */; };
		D8F263CB24677D4800368A78 /* PlayViewController.swift in Sources */ = {isa = PBXBuildFile; fileRef = D8F263CA24677D4800368A78 /* PlayViewController.swift */; };
		D8F263DD2468981000368A78 /* Constants.swift in Sources */ = {isa = PBXBuildFile; fileRef = D8F263DC2468980F00368A78 /* Constants.swift */; };
/* End PBXBuildFile section */

/* Begin PBXContainerItemProxy section */
		D8F263B72467605200368A78 /* PBXContainerItemProxy */ = {
			isa = PBXContainerItemProxy;
			containerPortal = D8F263982467604C00368A78 /* Project object */;
			proxyType = 1;
			remoteGlobalIDString = D8F2639F2467604C00368A78;
			remoteInfo = Sudoku;
		};
/* End PBXContainerItemProxy section */

/* Begin PBXFileReference section */
		D80B80EC248EBDD000E33994 /* PuzzleProviderTests.swift */ = {isa = PBXFileReference; lastKnownFileType = sourcecode.swift; path = PuzzleProviderTests.swift; sourceTree = "<group>"; };
		D80B80EE248EC69700E33994 /* SudokuManagerTests.swift */ = {isa = PBXFileReference; lastKnownFileType = sourcecode.swift; path = SudokuManagerTests.swift; sourceTree = "<group>"; };
		D81D75BF2469A09B0089BE70 /* SubGridCell.swift */ = {isa = PBXFileReference; lastKnownFileType = sourcecode.swift; path = SubGridCell.swift; sourceTree = "<group>"; };
		D81D75C02469A09B0089BE70 /* SubGridCell.xib */ = {isa = PBXFileReference; lastKnownFileType = file.xib; path = SubGridCell.xib; sourceTree = "<group>"; };
		D81D75C7246AF4CA0089BE70 /* BorderAndPartitionLinesUI.swift */ = {isa = PBXFileReference; lastKnownFileType = sourcecode.swift; path = BorderAndPartitionLinesUI.swift; sourceTree = "<group>"; };
		D82F56462471E3C200C1E6B0 /* README.md */ = {isa = PBXFileReference; lastKnownFileType = net.daringfireball.markdown; path = README.md; sourceTree = "<group>"; };
		D854D965246E4E07004E839E /* SudokuManager.swift */ = {isa = PBXFileReference; lastKnownFileType = sourcecode.swift; path = SudokuManager.swift; sourceTree = "<group>"; };
		D854D967246ED6DE004E839E /* Dimensions.swift */ = {isa = PBXFileReference; lastKnownFileType = sourcecode.swift; path = Dimensions.swift; sourceTree = "<group>"; };
		D85B0D9F247A23AD00DBA200 /* BenchTimer.swift */ = {isa = PBXFileReference; lastKnownFileType = sourcecode.swift; path = BenchTimer.swift; sourceTree = "<group>"; };
		D85B0DA2247A321E00DBA200 /* PuzzleProvider.swift */ = {isa = PBXFileReference; lastKnownFileType = sourcecode.swift; path = PuzzleProvider.swift; sourceTree = "<group>"; };
		D85B0DA4247A3C4500DBA200 /* PuzzleModel.swift */ = {isa = PBXFileReference; lastKnownFileType = sourcecode.swift; path = PuzzleModel.swift; sourceTree = "<group>"; };
		D89266BE249081DC005C54A1 /* Puzzle.swift */ = {isa = PBXFileReference; lastKnownFileType = sourcecode.swift; path = Puzzle.swift; sourceTree = "<group>"; };
		D89266C02490895E005C54A1 /* PuzzleTest.swift */ = {isa = PBXFileReference; lastKnownFileType = sourcecode.swift; path = PuzzleTest.swift; sourceTree = "<group>"; };
		D8A37CA1246C3ECC0088303E /* Grid.swift */ = {isa = PBXFileReference; lastKnownFileType = sourcecode.swift; path = Grid.swift; sourceTree = "<group>"; };
		D8CA2161247A4590002B8A39 /* GameSetupController.swift */ = {isa = PBXFileReference; lastKnownFileType = sourcecode.swift; path = GameSetupController.swift; sourceTree = "<group>"; };
		D8F263A02467604C00368A78 /* Sudoku.app */ = {isa = PBXFileReference; explicitFileType = wrapper.application; includeInIndex = 0; path = Sudoku.app; sourceTree = BUILT_PRODUCTS_DIR; };
		D8F263A32467604C00368A78 /* AppDelegate.swift */ = {isa = PBXFileReference; lastKnownFileType = sourcecode.swift; path = AppDelegate.swift; sourceTree = "<group>"; };
		D8F263A52467604C00368A78 /* SceneDelegate.swift */ = {isa = PBXFileReference; lastKnownFileType = sourcecode.swift; path = SceneDelegate.swift; sourceTree = "<group>"; };
		D8F263AA2467604C00368A78 /* Base */ = {isa = PBXFileReference; lastKnownFileType = file.storyboard; name = Base; path = Base.lproj/Main.storyboard; sourceTree = "<group>"; };
		D8F263AC2467605100368A78 /* Assets.xcassets */ = {isa = PBXFileReference; lastKnownFileType = folder.assetcatalog; path = Assets.xcassets; sourceTree = "<group>"; };
		D8F263AF2467605100368A78 /* Base */ = {isa = PBXFileReference; lastKnownFileType = file.storyboard; name = Base; path = Base.lproj/LaunchScreen.storyboard; sourceTree = "<group>"; };
		D8F263B12467605100368A78 /* Info.plist */ = {isa = PBXFileReference; lastKnownFileType = text.plist.xml; path = Info.plist; sourceTree = "<group>"; };
		D8F263B62467605200368A78 /* SudokuTests.xctest */ = {isa = PBXFileReference; explicitFileType = wrapper.cfbundle; includeInIndex = 0; path = SudokuTests.xctest; sourceTree = BUILT_PRODUCTS_DIR; };
		D8F263BC2467605200368A78 /* Info.plist */ = {isa = PBXFileReference; lastKnownFileType = text.plist.xml; path = Info.plist; sourceTree = "<group>"; };
		D8F263C824677CC800368A78 /* HomeViewController.swift */ = {isa = PBXFileReference; lastKnownFileType = sourcecode.swift; name = HomeViewController.swift; path = ../../../../ios/Sudoku/Sudoku/Controller/HomeViewController.swift; sourceTree = "<group>"; };
		D8F263CA24677D4800368A78 /* PlayViewController.swift */ = {isa = PBXFileReference; lastKnownFileType = sourcecode.swift; name = PlayViewController.swift; path = ../../../../ios/Sudoku/Sudoku/Controller/PlayViewController.swift; sourceTree = "<group>"; };
		D8F263DC2468980F00368A78 /* Constants.swift */ = {isa = PBXFileReference; lastKnownFileType = sourcecode.swift; name = Constants.swift; path = ../../../ios/Sudoku/Sudoku/Constants.swift; sourceTree = "<group>"; };
/* End PBXFileReference section */

/* Begin PBXFrameworksBuildPhase section */
		D8F2639D2467604C00368A78 /* Frameworks */ = {
			isa = PBXFrameworksBuildPhase;
			buildActionMask = 2147483647;
			files = (
			);
			runOnlyForDeploymentPostprocessing = 0;
		};
		D8F263B32467605200368A78 /* Frameworks */ = {
			isa = PBXFrameworksBuildPhase;
			buildActionMask = 2147483647;
			files = (
			);
			runOnlyForDeploymentPostprocessing = 0;
		};
/* End PBXFrameworksBuildPhase section */

/* Begin PBXGroup section */
		D80914142482CF6500D10367 /* BordersAndCellPartitionsUI */ = {
			isa = PBXGroup;
			children = (
				D8A37CA1246C3ECC0088303E /* Grid.swift */,
				D854D967246ED6DE004E839E /* Dimensions.swift */,
				D81D75C7246AF4CA0089BE70 /* BorderAndPartitionLinesUI.swift */,
			);
			path = BordersAndCellPartitionsUI;
			sourceTree = "<group>";
		};
		D845F4DE24809FA1008798EB /* Puzzle */ = {
			isa = PBXGroup;
			children = (
				D85B0DA2247A321E00DBA200 /* PuzzleProvider.swift */,
			);
			path = Puzzle;
			sourceTree = "<group>";
		};
		D85441A5247A176C0070DEEC /* SubGridCell */ = {
			isa = PBXGroup;
			children = (
				D81D75BF2469A09B0089BE70 /* SubGridCell.swift */,
				D81D75C02469A09B0089BE70 /* SubGridCell.xib */,
			);
			path = SubGridCell;
			sourceTree = "<group>";
		};
		D85B0DA1247A31EE00DBA200 /* Services */ = {
			isa = PBXGroup;
			children = (
				D845F4DE24809FA1008798EB /* Puzzle */,
			);
			path = Services;
			sourceTree = "<group>";
		};
		D8F263972467604C00368A78 = {
			isa = PBXGroup;
			children = (
				D82F56462471E3C200C1E6B0 /* README.md */,
				D8F263A22467604C00368A78 /* Sudoku */,
				D8F263B92467605200368A78 /* SudokuTests */,
				D8F263A12467604C00368A78 /* Products */,
			);
			sourceTree = "<group>";
		};
		D8F263A12467604C00368A78 /* Products */ = {
			isa = PBXGroup;
			children = (
				D8F263A02467604C00368A78 /* Sudoku.app */,
				D8F263B62467605200368A78 /* SudokuTests.xctest */,
			);
			name = Products;
			sourceTree = "<group>";
		};
		D8F263A22467604C00368A78 /* Sudoku */ = {
			isa = PBXGroup;
			children = (
				D8F263A32467604C00368A78 /* AppDelegate.swift */,
				D8F263A52467604C00368A78 /* SceneDelegate.swift */,
				D8F263DC2468980F00368A78 /* Constants.swift */,
				D85B0DA1247A31EE00DBA200 /* Services */,
				D8F263C524676E6E00368A78 /* Model */,
				D8F263C624676E7A00368A78 /* View */,
				D8F263C724676E8700368A78 /* Controller */,
				D8F263AC2467605100368A78 /* Assets.xcassets */,
				D8F263B12467605100368A78 /* Info.plist */,
				D89266BE249081DC005C54A1 /* Puzzle.swift */,
			);
			path = Sudoku;
			sourceTree = "<group>";
		};
		D8F263B92467605200368A78 /* SudokuTests */ = {
			isa = PBXGroup;
			children = (
				D80B80EE248EC69700E33994 /* SudokuManagerTests.swift */,
				D80B80EC248EBDD000E33994 /* PuzzleProviderTests.swift */,
				D8F263BC2467605200368A78 /* Info.plist */,
				D89266C02490895E005C54A1 /* PuzzleTest.swift */,
			);
			path = SudokuTests;
			sourceTree = "<group>";
		};
		D8F263C524676E6E00368A78 /* Model */ = {
			isa = PBXGroup;
			children = (
				D854D965246E4E07004E839E /* SudokuManager.swift */,
				D85B0D9F247A23AD00DBA200 /* BenchTimer.swift */,
				D85B0DA4247A3C4500DBA200 /* PuzzleModel.swift */,
			);
			path = Model;
			sourceTree = "<group>";
		};
		D8F263C624676E7A00368A78 /* View */ = {
			isa = PBXGroup;
			children = (
				D8F263A92467604C00368A78 /* Main.storyboard */,
				D8F263AE2467605100368A78 /* LaunchScreen.storyboard */,
				D80914142482CF6500D10367 /* BordersAndCellPartitionsUI */,
				D85441A5247A176C0070DEEC /* SubGridCell */,
			);
			path = View;
			sourceTree = "<group>";
		};
		D8F263C724676E8700368A78 /* Controller */ = {
			isa = PBXGroup;
			children = (
				D8F263C824677CC800368A78 /* HomeViewController.swift */,
				D8CA2161247A4590002B8A39 /* GameSetupController.swift */,
				D8F263CA24677D4800368A78 /* PlayViewController.swift */,
			);
			path = Controller;
			sourceTree = "<group>";
		};
/* End PBXGroup section */

/* Begin PBXNativeTarget section */
		D8F2639F2467604C00368A78 /* Sudoku */ = {
			isa = PBXNativeTarget;
			buildConfigurationList = D8F263BF2467605200368A78 /* Build configuration list for PBXNativeTarget "Sudoku" */;
			buildPhases = (
				D8F2639C2467604C00368A78 /* Sources */,
				D8F2639D2467604C00368A78 /* Frameworks */,
				D8F2639E2467604C00368A78 /* Resources */,
			);
			buildRules = (
			);
			dependencies = (
			);
			name = Sudoku;
			productName = Sudoku;
			productReference = D8F263A02467604C00368A78 /* Sudoku.app */;
			productType = "com.apple.product-type.application";
		};
		D8F263B52467605200368A78 /* SudokuTests */ = {
			isa = PBXNativeTarget;
			buildConfigurationList = D8F263C22467605200368A78 /* Build configuration list for PBXNativeTarget "SudokuTests" */;
			buildPhases = (
				D8F263B22467605200368A78 /* Sources */,
				D8F263B32467605200368A78 /* Frameworks */,
				D8F263B42467605200368A78 /* Resources */,
			);
			buildRules = (
			);
			dependencies = (
				D8F263B82467605200368A78 /* PBXTargetDependency */,
			);
			name = SudokuTests;
			productName = SudokuTests;
			productReference = D8F263B62467605200368A78 /* SudokuTests.xctest */;
			productType = "com.apple.product-type.bundle.unit-test";
		};
/* End PBXNativeTarget section */

/* Begin PBXProject section */
		D8F263982467604C00368A78 /* Project object */ = {
			isa = PBXProject;
			attributes = {
				LastSwiftUpdateCheck = 1140;
				LastUpgradeCheck = 1140;
				ORGANIZATIONNAME = "Jack Conrad Clark";
				TargetAttributes = {
					D8F2639F2467604C00368A78 = {
						CreatedOnToolsVersion = 11.4;
					};
					D8F263B52467605200368A78 = {
						CreatedOnToolsVersion = 11.4;
						TestTargetID = D8F2639F2467604C00368A78;
					};
				};
			};
			buildConfigurationList = D8F2639B2467604C00368A78 /* Build configuration list for PBXProject "Sudoku" */;
			compatibilityVersion = "Xcode 9.3";
			developmentRegion = en;
			hasScannedForEncodings = 0;
			knownRegions = (
				en,
				Base,
			);
			mainGroup = D8F263972467604C00368A78;
			productRefGroup = D8F263A12467604C00368A78 /* Products */;
			projectDirPath = "";
			projectRoot = "";
			targets = (
				D8F2639F2467604C00368A78 /* Sudoku */,
				D8F263B52467605200368A78 /* SudokuTests */,
			);
		};
/* End PBXProject section */

/* Begin PBXResourcesBuildPhase section */
		D8F2639E2467604C00368A78 /* Resources */ = {
			isa = PBXResourcesBuildPhase;
			buildActionMask = 2147483647;
			files = (
				D81D75C22469A09B0089BE70 /* SubGridCell.xib in Resources */,
				D8F263B02467605100368A78 /* LaunchScreen.storyboard in Resources */,
				D8F263AD2467605100368A78 /* Assets.xcassets in Resources */,
				D8F263AB2467604C00368A78 /* Main.storyboard in Resources */,
			);
			runOnlyForDeploymentPostprocessing = 0;
		};
		D8F263B42467605200368A78 /* Resources */ = {
			isa = PBXResourcesBuildPhase;
			buildActionMask = 2147483647;
			files = (
			);
			runOnlyForDeploymentPostprocessing = 0;
		};
/* End PBXResourcesBuildPhase section */

/* Begin PBXSourcesBuildPhase section */
		D8F2639C2467604C00368A78 /* Sources */ = {
			isa = PBXSourcesBuildPhase;
			buildActionMask = 2147483647;
			files = (
				D89266BF249081DC005C54A1 /* Puzzle.swift in Sources */,
				D854D966246E4E07004E839E /* SudokuManager.swift in Sources */,
				D81D75C12469A09B0089BE70 /* SubGridCell.swift in Sources */,
				D85B0DA3247A321E00DBA200 /* PuzzleProvider.swift in Sources */,
				D8CA2162247A4590002B8A39 /* GameSetupController.swift in Sources */,
				D8F263CB24677D4800368A78 /* PlayViewController.swift in Sources */,
				D85B0DA0247A23AD00DBA200 /* BenchTimer.swift in Sources */,
				D8F263DD2468981000368A78 /* Constants.swift in Sources */,
				D8A37CA2246C3ECC0088303E /* Grid.swift in Sources */,
				D8F263A42467604C00368A78 /* AppDelegate.swift in Sources */,
				D85B0DA5247A3C4500DBA200 /* PuzzleModel.swift in Sources */,
				D81D75C8246AF4CA0089BE70 /* BorderAndPartitionLinesUI.swift in Sources */,
				D8F263A62467604C00368A78 /* SceneDelegate.swift in Sources */,
				D854D968246ED6DE004E839E /* Dimensions.swift in Sources */,
				D8F263C924677CC900368A78 /* HomeViewController.swift in Sources */,
			);
			runOnlyForDeploymentPostprocessing = 0;
		};
		D8F263B22467605200368A78 /* Sources */ = {
			isa = PBXSourcesBuildPhase;
			buildActionMask = 2147483647;
			files = (
				D89266C12490895E005C54A1 /* PuzzleTest.swift in Sources */,
				D80B80ED248EBDD000E33994 /* PuzzleProviderTests.swift in Sources */,
				D80B80EF248EC69700E33994 /* SudokuManagerTests.swift in Sources */,
			);
			runOnlyForDeploymentPostprocessing = 0;
		};
/* End PBXSourcesBuildPhase section */

/* Begin PBXTargetDependency section */
		D8F263B82467605200368A78 /* PBXTargetDependency */ = {
			isa = PBXTargetDependency;
			target = D8F2639F2467604C00368A78 /* Sudoku */;
			targetProxy = D8F263B72467605200368A78 /* PBXContainerItemProxy */;
		};
/* End PBXTargetDependency section */

/* Begin PBXVariantGroup section */
		D8F263A92467604C00368A78 /* Main.storyboard */ = {
			isa = PBXVariantGroup;
			children = (
				D8F263AA2467604C00368A78 /* Base */,
			);
			name = Main.storyboard;
			sourceTree = "<group>";
		};
		D8F263AE2467605100368A78 /* LaunchScreen.storyboard */ = {
			isa = PBXVariantGroup;
			children = (
				D8F263AF2467605100368A78 /* Base */,
			);
			name = LaunchScreen.storyboard;
			sourceTree = "<group>";
		};
/* End PBXVariantGroup section */

/* Begin XCBuildConfiguration section */
		D8F263BD2467605200368A78 /* Debug */ = {
			isa = XCBuildConfiguration;
			buildSettings = {
				ALWAYS_SEARCH_USER_PATHS = NO;
				CLANG_ANALYZER_NONNULL = YES;
				CLANG_ANALYZER_NUMBER_OBJECT_CONVERSION = YES_AGGRESSIVE;
				CLANG_CXX_LANGUAGE_STANDARD = "gnu++14";
				CLANG_CXX_LIBRARY = "libc++";
				CLANG_ENABLE_MODULES = YES;
				CLANG_ENABLE_OBJC_ARC = YES;
				CLANG_ENABLE_OBJC_WEAK = YES;
				CLANG_WARN_BLOCK_CAPTURE_AUTORELEASING = YES;
				CLANG_WARN_BOOL_CONVERSION = YES;
				CLANG_WARN_COMMA = YES;
				CLANG_WARN_CONSTANT_CONVERSION = YES;
				CLANG_WARN_DEPRECATED_OBJC_IMPLEMENTATIONS = YES;
				CLANG_WARN_DIRECT_OBJC_ISA_USAGE = YES_ERROR;
				CLANG_WARN_DOCUMENTATION_COMMENTS = YES;
				CLANG_WARN_EMPTY_BODY = YES;
				CLANG_WARN_ENUM_CONVERSION = YES;
				CLANG_WARN_INFINITE_RECURSION = YES;
				CLANG_WARN_INT_CONVERSION = YES;
				CLANG_WARN_NON_LITERAL_NULL_CONVERSION = YES;
				CLANG_WARN_OBJC_IMPLICIT_RETAIN_SELF = YES;
				CLANG_WARN_OBJC_LITERAL_CONVERSION = YES;
				CLANG_WARN_OBJC_ROOT_CLASS = YES_ERROR;
				CLANG_WARN_RANGE_LOOP_ANALYSIS = YES;
				CLANG_WARN_STRICT_PROTOTYPES = YES;
				CLANG_WARN_SUSPICIOUS_MOVE = YES;
				CLANG_WARN_UNGUARDED_AVAILABILITY = YES_AGGRESSIVE;
				CLANG_WARN_UNREACHABLE_CODE = YES;
				CLANG_WARN__DUPLICATE_METHOD_MATCH = YES;
				COPY_PHASE_STRIP = NO;
				DEBUG_INFORMATION_FORMAT = dwarf;
				ENABLE_STRICT_OBJC_MSGSEND = YES;
				ENABLE_TESTABILITY = YES;
				GCC_C_LANGUAGE_STANDARD = gnu11;
				GCC_DYNAMIC_NO_PIC = NO;
				GCC_NO_COMMON_BLOCKS = YES;
				GCC_OPTIMIZATION_LEVEL = 0;
				GCC_PREPROCESSOR_DEFINITIONS = (
					"DEBUG=1",
					"$(inherited)",
				);
				GCC_WARN_64_TO_32_BIT_CONVERSION = YES;
				GCC_WARN_ABOUT_RETURN_TYPE = YES_ERROR;
				GCC_WARN_UNDECLARED_SELECTOR = YES;
				GCC_WARN_UNINITIALIZED_AUTOS = YES_AGGRESSIVE;
				GCC_WARN_UNUSED_FUNCTION = YES;
				GCC_WARN_UNUSED_VARIABLE = YES;
				IPHONEOS_DEPLOYMENT_TARGET = 13.4;
				MTL_ENABLE_DEBUG_INFO = INCLUDE_SOURCE;
				MTL_FAST_MATH = YES;
				ONLY_ACTIVE_ARCH = YES;
				SDKROOT = iphoneos;
				SWIFT_ACTIVE_COMPILATION_CONDITIONS = DEBUG;
				SWIFT_OPTIMIZATION_LEVEL = "-Onone";
			};
			name = Debug;
		};
		D8F263BE2467605200368A78 /* Release */ = {
			isa = XCBuildConfiguration;
			buildSettings = {
				ALWAYS_SEARCH_USER_PATHS = NO;
				CLANG_ANALYZER_NONNULL = YES;
				CLANG_ANALYZER_NUMBER_OBJECT_CONVERSION = YES_AGGRESSIVE;
				CLANG_CXX_LANGUAGE_STANDARD = "gnu++14";
				CLANG_CXX_LIBRARY = "libc++";
				CLANG_ENABLE_MODULES = YES;
				CLANG_ENABLE_OBJC_ARC = YES;
				CLANG_ENABLE_OBJC_WEAK = YES;
				CLANG_WARN_BLOCK_CAPTURE_AUTORELEASING = YES;
				CLANG_WARN_BOOL_CONVERSION = YES;
				CLANG_WARN_COMMA = YES;
				CLANG_WARN_CONSTANT_CONVERSION = YES;
				CLANG_WARN_DEPRECATED_OBJC_IMPLEMENTATIONS = YES;
				CLANG_WARN_DIRECT_OBJC_ISA_USAGE = YES_ERROR;
				CLANG_WARN_DOCUMENTATION_COMMENTS = YES;
				CLANG_WARN_EMPTY_BODY = YES;
				CLANG_WARN_ENUM_CONVERSION = YES;
				CLANG_WARN_INFINITE_RECURSION = YES;
				CLANG_WARN_INT_CONVERSION = YES;
				CLANG_WARN_NON_LITERAL_NULL_CONVERSION = YES;
				CLANG_WARN_OBJC_IMPLICIT_RETAIN_SELF = YES;
				CLANG_WARN_OBJC_LITERAL_CONVERSION = YES;
				CLANG_WARN_OBJC_ROOT_CLASS = YES_ERROR;
				CLANG_WARN_RANGE_LOOP_ANALYSIS = YES;
				CLANG_WARN_STRICT_PROTOTYPES = YES;
				CLANG_WARN_SUSPICIOUS_MOVE = YES;
				CLANG_WARN_UNGUARDED_AVAILABILITY = YES_AGGRESSIVE;
				CLANG_WARN_UNREACHABLE_CODE = YES;
				CLANG_WARN__DUPLICATE_METHOD_MATCH = YES;
				COPY_PHASE_STRIP = NO;
				DEBUG_INFORMATION_FORMAT = "dwarf-with-dsym";
				ENABLE_NS_ASSERTIONS = NO;
				ENABLE_STRICT_OBJC_MSGSEND = YES;
				GCC_C_LANGUAGE_STANDARD = gnu11;
				GCC_NO_COMMON_BLOCKS = YES;
				GCC_WARN_64_TO_32_BIT_CONVERSION = YES;
				GCC_WARN_ABOUT_RETURN_TYPE = YES_ERROR;
				GCC_WARN_UNDECLARED_SELECTOR = YES;
				GCC_WARN_UNINITIALIZED_AUTOS = YES_AGGRESSIVE;
				GCC_WARN_UNUSED_FUNCTION = YES;
				GCC_WARN_UNUSED_VARIABLE = YES;
				IPHONEOS_DEPLOYMENT_TARGET = 13.4;
				MTL_ENABLE_DEBUG_INFO = NO;
				MTL_FAST_MATH = YES;
				SDKROOT = iphoneos;
				SWIFT_COMPILATION_MODE = wholemodule;
				SWIFT_OPTIMIZATION_LEVEL = "-O";
				VALIDATE_PRODUCT = YES;
			};
			name = Release;
		};
		D8F263C02467605200368A78 /* Debug */ = {
			isa = XCBuildConfiguration;
			buildSettings = {
				ASSETCATALOG_COMPILER_APPICON_NAME = AppIcon;
				CODE_SIGN_STYLE = Automatic;
				DEVELOPMENT_TEAM = 3ZFXJYGJYS;
				INFOPLIST_FILE = Sudoku/Info.plist;
				LD_RUNPATH_SEARCH_PATHS = (
					"$(inherited)",
					"@executable_path/Frameworks",
				);
				PRODUCT_BUNDLE_IDENTIFIER = "com.clarkmyfancy.Self-Solving-Sudoku";
				PRODUCT_NAME = "$(TARGET_NAME)";
				SWIFT_VERSION = 5.0;
				TARGETED_DEVICE_FAMILY = 1;
			};
			name = Debug;
		};
		D8F263C12467605200368A78 /* Release */ = {
			isa = XCBuildConfiguration;
			buildSettings = {
				ASSETCATALOG_COMPILER_APPICON_NAME = AppIcon;
				CODE_SIGN_STYLE = Automatic;
				DEVELOPMENT_TEAM = 3ZFXJYGJYS;
				INFOPLIST_FILE = Sudoku/Info.plist;
				LD_RUNPATH_SEARCH_PATHS = (
					"$(inherited)",
					"@executable_path/Frameworks",
				);
				PRODUCT_BUNDLE_IDENTIFIER = "com.clarkmyfancy.Self-Solving-Sudoku";
				PRODUCT_NAME = "$(TARGET_NAME)";
				SWIFT_VERSION = 5.0;
				TARGETED_DEVICE_FAMILY = 1;
			};
			name = Release;
		};
		D8F263C32467605200368A78 /* Debug */ = {
			isa = XCBuildConfiguration;
			buildSettings = {
				ALWAYS_EMBED_SWIFT_STANDARD_LIBRARIES = YES;
				BUNDLE_LOADER = "$(TEST_HOST)";
				CODE_SIGN_STYLE = Automatic;
				DEVELOPMENT_TEAM = 3ZFXJYGJYS;
				INFOPLIST_FILE = SudokuTests/Info.plist;
				IPHONEOS_DEPLOYMENT_TARGET = 13.4;
				LD_RUNPATH_SEARCH_PATHS = (
					"$(inherited)",
					"@executable_path/Frameworks",
					"@loader_path/Frameworks",
				);
				PRODUCT_BUNDLE_IDENTIFIER = com.clarkmyfancy.SudokuTests;
				PRODUCT_NAME = "$(TARGET_NAME)";
				SWIFT_VERSION = 5.0;
				TARGETED_DEVICE_FAMILY = "1,2";
				TEST_HOST = "$(BUILT_PRODUCTS_DIR)/Sudoku.app/Sudoku";
			};
			name = Debug;
		};
		D8F263C42467605200368A78 /* Release */ = {
			isa = XCBuildConfiguration;
			buildSettings = {
				ALWAYS_EMBED_SWIFT_STANDARD_LIBRARIES = YES;
				BUNDLE_LOADER = "$(TEST_HOST)";
				CODE_SIGN_STYLE = Automatic;
				DEVELOPMENT_TEAM = 3ZFXJYGJYS;
				INFOPLIST_FILE = SudokuTests/Info.plist;
				IPHONEOS_DEPLOYMENT_TARGET = 13.4;
				LD_RUNPATH_SEARCH_PATHS = (
					"$(inherited)",
					"@executable_path/Frameworks",
					"@loader_path/Frameworks",
				);
				PRODUCT_BUNDLE_IDENTIFIER = com.clarkmyfancy.SudokuTests;
				PRODUCT_NAME = "$(TARGET_NAME)";
				SWIFT_VERSION = 5.0;
				TARGETED_DEVICE_FAMILY = "1,2";
				TEST_HOST = "$(BUILT_PRODUCTS_DIR)/Sudoku.app/Sudoku";
			};
			name = Release;
		};
/* End XCBuildConfiguration section */

/* Begin XCConfigurationList section */
		D8F2639B2467604C00368A78 /* Build configuration list for PBXProject "Sudoku" */ = {
			isa = XCConfigurationList;
			buildConfigurations = (
				D8F263BD2467605200368A78 /* Debug */,
				D8F263BE2467605200368A78 /* Release */,
			);
			defaultConfigurationIsVisible = 0;
			defaultConfigurationName = Release;
		};
		D8F263BF2467605200368A78 /* Build configuration list for PBXNativeTarget "Sudoku" */ = {
			isa = XCConfigurationList;
			buildConfigurations = (
				D8F263C02467605200368A78 /* Debug */,
				D8F263C12467605200368A78 /* Release */,
			);
			defaultConfigurationIsVisible = 0;
			defaultConfigurationName = Release;
		};
		D8F263C22467605200368A78 /* Build configuration list for PBXNativeTarget "SudokuTests" */ = {
			isa = XCConfigurationList;
			buildConfigurations = (
				D8F263C32467605200368A78 /* Debug */,
				D8F263C42467605200368A78 /* Release */,
			);
			defaultConfigurationIsVisible = 0;
			defaultConfigurationName = Release;
		};
/* End XCConfigurationList section */
	};
	rootObject = D8F263982467604C00368A78 /* Project object */;
}
